
Microsoft Visual Studio Solution File, Format Version 12.00
# Visual Studio Version 17
VisualStudioVersion = 17.11.35431.28
MinimumVisualStudioVersion = 10.0.40219.1
Project("{2150E333-8FDC-42A3-9474-1A3956D46DE8}") = "01_PresentationLayer", "01_PresentationLayer", "{3900DEA8-5292-41B6-9FD7-6DEF01F01EEE}"
EndProject
Project("{2150E333-8FDC-42A3-9474-1A3956D46DE8}") = "02_ApplicationLayer", "02_ApplicationLayer", "{75CF3A33-68B3-4321-89C2-63DBD0A15C87}"
EndProject
Project("{2150E333-8FDC-42A3-9474-1A3956D46DE8}") = "03_DomainLayer", "03_DomainLayer", "{E9B7B663-D9E5-448C-A81A-B415D8A5DA3D}"
EndProject
Project("{2150E333-8FDC-42A3-9474-1A3956D46DE8}") = "04_InfrastuctureLayer", "04_InfrastuctureLayer", "{D03A34E8-261B-49E7-837D-6C962780B555}"
EndProject
Project("{9A19103F-16F7-4668-BE54-9A1E7A4F7556}") = "AlibabaClone.WebAPI", "AlibabaClone.WebAPI\AlibabaClone.WebAPI.csproj", "{99B7BF97-219E-43FD-9D1E-068985130CE6}"
EndProject
Project("{9A19103F-16F7-4668-BE54-9A1E7A4F7556}") = "AlibabaClone.Application", "AlibabaClone.Application\AlibabaClone.Application.csproj", "{6044CD3E-F03E-4225-B33A-94D5529F78FC}"
EndProject
Project("{9A19103F-16F7-4668-BE54-9A1E7A4F7556}") = "AlibabaClone.Domain", "AlibabaClone.Domain\AlibabaClone.Domain.csproj", "{1518E091-8554-4CCA-9C40-512978AB99CC}"
EndProject
Project("{9A19103F-16F7-4668-BE54-9A1E7A4F7556}") = "AlibabaClone.Infrastructure", "AlibabaClone.Infrastructure\AlibabaClone.Infrastructure.csproj", "{B5D9431C-0202-419F-9085-03AD18FE1E57}"
EndProject
Project("{2150E333-8FDC-42A3-9474-1A3956D46DE8}") = "Solution Items", "Solution Items", "{C9C732AB-BC18-4363-92F8-57BD1A963776}"
	ProjectSection(SolutionItems) = preProject
		.editorconfig = .editorconfig
	EndProjectSection
EndProject
Global
	GlobalSection(SolutionConfigurationPlatforms) = preSolution
		Debug|Any CPU = Debug|Any CPU
		Release|Any CPU = Release|Any CPU
	EndGlobalSection
	GlobalSection(ProjectConfigurationPlatforms) = postSolution
		{99B7BF97-219E-43FD-9D1E-068985130CE6}.Debug|Any CPU.ActiveCfg = Debug|Any CPU
		{99B7BF97-219E-43FD-9D1E-068985130CE6}.Debug|Any CPU.Build.0 = Debug|Any CPU
		{99B7BF97-219E-43FD-9D1E-068985130CE6}.Release|Any CPU.ActiveCfg = Release|Any CPU
		{99B7BF97-219E-43FD-9D1E-068985130CE6}.Release|Any CPU.Build.0 = Release|Any CPU
		{6044CD3E-F03E-4225-B33A-94D5529F78FC}.Debug|Any CPU.ActiveCfg = Debug|Any CPU
		{6044CD3E-F03E-4225-B33A-94D5529F78FC}.Debug|Any CPU.Build.0 = Debug|Any CPU
		{6044CD3E-F03E-4225-B33A-94D5529F78FC}.Release|Any CPU.ActiveCfg = Release|Any CPU
		{6044CD3E-F03E-4225-B33A-94D5529F78FC}.Release|Any CPU.Build.0 = Release|Any CPU
		{1518E091-8554-4CCA-9C40-512978AB99CC}.Debug|Any CPU.ActiveCfg = Debug|Any CPU
		{1518E091-8554-4CCA-9C40-512978AB99CC}.Debug|Any CPU.Build.0 = Debug|Any CPU
		{1518E091-8554-4CCA-9C40-512978AB99CC}.Release|Any CPU.ActiveCfg = Release|Any CPU
		{1518E091-8554-4CCA-9C40-512978AB99CC}.Release|Any CPU.Build.0 = Release|Any CPU
		{B5D9431C-0202-419F-9085-03AD18FE1E57}.Debug|Any CPU.ActiveCfg = Debug|Any CPU
		{B5D9431C-0202-419F-9085-03AD18FE1E57}.Debug|Any CPU.Build.0 = Debug|Any CPU
		{B5D9431C-0202-419F-9085-03AD18FE1E57}.Release|Any CPU.ActiveCfg = Release|Any CPU
		{B5D9431C-0202-419F-9085-03AD18FE1E57}.Release|Any CPU.Build.0 = Release|Any CPU
	EndGlobalSection
	GlobalSection(SolutionProperties) = preSolution
		HideSolutionNode = FALSE
	EndGlobalSection
	GlobalSection(NestedProjects) = preSolution
		{99B7BF97-219E-43FD-9D1E-068985130CE6} = {3900DEA8-5292-41B6-9FD7-6DEF01F01EEE}
		{6044CD3E-F03E-4225-B33A-94D5529F78FC} = {75CF3A33-68B3-4321-89C2-63DBD0A15C87}
		{1518E091-8554-4CCA-9C40-512978AB99CC} = {E9B7B663-D9E5-448C-A81A-B415D8A5DA3D}
		{B5D9431C-0202-419F-9085-03AD18FE1E57} = {D03A34E8-261B-49E7-837D-6C962780B555}
	EndGlobalSection
	GlobalSection(ExtensibilityGlobals) = postSolution
		SolutionGuid = {9F08CE45-3338-406E-AC4A-4D22E55CF68D}
	EndGlobalSection
EndGlobal
